PODS:
  - AXCollectionObserve (1.0.0):
    - AXCollectionObserve/Core (= 1.0.0)
    - ReactiveObjC (~> 3.0.0)
  - AXCollectionObserve/Core (1.0.0):
    - ReactiveObjC (~> 3.0.0)
  - Masonry (1.1.0)
  - ReactiveObjC (3.0.0)

DEPENDENCIES:
  - AXCollectionObserve (from `../`)
  - Masonry

SPEC REPOS:
  https://gitee.com/mirrors/CocoaPods-Specs.git:
    - Masonry
    - ReactiveObjC

EXTERNAL SOURCES:
  AXCollectionObserve:
    :path: "../"

SPEC CHECKSUMS:
  AXCollectionObserve: f760e3753a1d9849cba457ac1dab13c0b1b355e7
  Masonry: 678fab65091a9290e40e2832a55e7ab731aad201
  ReactiveObjC: a266e7c102a495d7d63f859980a2e071726f610a

PODFILE CHECKSUM: bae9abe6b430ca95cc75a30a4acc8e9dd52cb277

COCOAPODS: 1.10.1
