PODS:
  - AXCollectionObserve (1.1.1):
    - AXCollectionObserve/Component (= 1.1.1)
    - AXCollectionObserve/Core (= 1.1.1)
    - ReactiveObjC (>= 3.0.0)
  - AXCollectionObserve/Component (1.1.1):
    - AXCollectionObserve/Core
    - ReactiveObjC (>= 3.0.0)
  - AXCollectionObserve/Core (1.1.1):
    - ReactiveObjC (>= 3.0.0)
  - Masonry (1.1.0)
  - ReactiveObjC (3.0.0)

DEPENDENCIES:
  - AXCollectionObserve (from `../`)
  - Masonry

SPEC REPOS:
  https://gitee.com/mirrors/CocoaPods-Specs.git:
    - Masonry
    - ReactiveObjC

EXTERNAL SOURCES:
  AXCollectionObserve:
    :path: "../"

SPEC CHECKSUMS:
  AXCollectionObserve: 0553a382e43d0a4482831c5d87243a146ae946c3
  Masonry: 678fab65091a9290e40e2832a55e7ab731aad201
  ReactiveObjC: a266e7c102a495d7d63f859980a2e071726f610a

PODFILE CHECKSUM: bae9abe6b430ca95cc75a30a4acc8e9dd52cb277

COCOAPODS: 1.10.1
